
Microsoft Visual Studio Solution File, Format Version 12.00
# Visual Studio Version 17
VisualStudioVersion = 17.0.31912.275
MinimumVisualStudioVersion = 10.0.40219.1
Project("{FAE04EC0-301F-11D3-BF4B-00C04F79EFBC}") = "NIM v1.0", "NIM v1.0.csproj", "{9927412E-D456-453C-B05F-8D3D6B3B5C24}"
EndProject
Global
	GlobalSection(SolutionConfigurationPlatforms) = preSolution
		Debug|Any CPU = Debug|Any CPU
		Release|Any CPU = Release|Any CPU
	EndGlobalSection
	GlobalSection(ProjectConfigurationPlatforms) = postSolution
		{9927412E-D456-453C-B05F-8D3D6B3B5C24}.Debug|Any CPU.ActiveCfg = Debug|Any CPU
		{9927412E-D456-453C-B05F-8D3D6B3B5C24}.Debug|Any CPU.Build.0 = Debug|Any CPU
		{9927412E-D456-453C-B05F-8D3D6B3B5C24}.Release|Any CPU.ActiveCfg = Release|Any CPU
		{9927412E-D456-453C-B05F-8D3D6B3B5C24}.Release|Any CPU.Build.0 = Release|Any CPU
	EndGlobalSection
	GlobalSection(SolutionProperties) = preSolution
		HideSolutionNode = FALSE
	EndGlobalSection
	GlobalSection(ExtensibilityGlobals) = postSolution
		SolutionGuid = {1D7A90A1-1962-4716-979B-09F4B97746C4}
	EndGlobalSection
EndGlobal
